
Microsoft Visual Studio Solution File, Format Version 12.00
# Visual Studio Version 17
VisualStudioVersion = 17.0.31903.59
MinimumVisualStudioVersion = 10.0.40219.1
Project("{FAE04EC0-301F-11D3-BF4B-00C04F79EFBC}") = "API", "API\API.csproj", "{F5F1CC23-EADB-4D26-B332-B373682E0104}"
EndProject
Project("{FAE04EC0-301F-11D3-BF4B-00C04F79EFBC}") = "Application", "Application\Application.csproj", "{A711DC29-FCC8-4CE8-A6FD-C72D9EF30A8F}"
EndProject
Project("{FAE04EC0-301F-11D3-BF4B-00C04F79EFBC}") = "Domain", "Domain\Domain.csproj", "{B74C90FB-C10D-4452-8703-E644D51F0D85}"
EndProject
Project("{FAE04EC0-301F-11D3-BF4B-00C04F79EFBC}") = "Persistence", "Persistence\Persistence.csproj", "{6035F0AE-D5D9-445A-813A-0AB2019B118E}"
EndProject
Project("{FAE04EC0-301F-11D3-BF4B-00C04F79EFBC}") = "Infrastructure", "Infrastructure\Infrastructure.csproj", "{A6A0C42B-F884-499E-BDF7-2B7932528D6C}"
EndProject
Global
	GlobalSection(SolutionConfigurationPlatforms) = preSolution
		Debug|Any CPU = Debug|Any CPU
		Release|Any CPU = Release|Any CPU
	EndGlobalSection
	GlobalSection(SolutionProperties) = preSolution
		HideSolutionNode = FALSE
	EndGlobalSection
	GlobalSection(ProjectConfigurationPlatforms) = postSolution
		{F5F1CC23-EADB-4D26-B332-B373682E0104}.Debug|Any CPU.ActiveCfg = Debug|Any CPU
		{F5F1CC23-EADB-4D26-B332-B373682E0104}.Debug|Any CPU.Build.0 = Debug|Any CPU
		{F5F1CC23-EADB-4D26-B332-B373682E0104}.Release|Any CPU.ActiveCfg = Release|Any CPU
		{F5F1CC23-EADB-4D26-B332-B373682E0104}.Release|Any CPU.Build.0 = Release|Any CPU
		{A711DC29-FCC8-4CE8-A6FD-C72D9EF30A8F}.Debug|Any CPU.ActiveCfg = Debug|Any CPU
		{A711DC29-FCC8-4CE8-A6FD-C72D9EF30A8F}.Debug|Any CPU.Build.0 = Debug|Any CPU
		{A711DC29-FCC8-4CE8-A6FD-C72D9EF30A8F}.Release|Any CPU.ActiveCfg = Release|Any CPU
		{A711DC29-FCC8-4CE8-A6FD-C72D9EF30A8F}.Release|Any CPU.Build.0 = Release|Any CPU
		{B74C90FB-C10D-4452-8703-E644D51F0D85}.Debug|Any CPU.ActiveCfg = Debug|Any CPU
		{B74C90FB-C10D-4452-8703-E644D51F0D85}.Debug|Any CPU.Build.0 = Debug|Any CPU
		{B74C90FB-C10D-4452-8703-E644D51F0D85}.Release|Any CPU.ActiveCfg = Release|Any CPU
		{B74C90FB-C10D-4452-8703-E644D51F0D85}.Release|Any CPU.Build.0 = Release|Any CPU
		{6035F0AE-D5D9-445A-813A-0AB2019B118E}.Debug|Any CPU.ActiveCfg = Debug|Any CPU
		{6035F0AE-D5D9-445A-813A-0AB2019B118E}.Debug|Any CPU.Build.0 = Debug|Any CPU
		{6035F0AE-D5D9-445A-813A-0AB2019B118E}.Release|Any CPU.ActiveCfg = Release|Any CPU
		{6035F0AE-D5D9-445A-813A-0AB2019B118E}.Release|Any CPU.Build.0 = Release|Any CPU
		{A6A0C42B-F884-499E-BDF7-2B7932528D6C}.Debug|Any CPU.ActiveCfg = Debug|Any CPU
		{A6A0C42B-F884-499E-BDF7-2B7932528D6C}.Debug|Any CPU.Build.0 = Debug|Any CPU
		{A6A0C42B-F884-499E-BDF7-2B7932528D6C}.Release|Any CPU.ActiveCfg = Release|Any CPU
		{A6A0C42B-F884-499E-BDF7-2B7932528D6C}.Release|Any CPU.Build.0 = Release|Any CPU
	EndGlobalSection
EndGlobal
